
Microsoft Visual Studio Solution File, Format Version 12.00
# Visual Studio Version 17
VisualStudioVersion = 17.11.35219.272
MinimumVisualStudioVersion = 10.0.40219.1
Project("{FAE04EC0-301F-11D3-BF4B-00C04F79EFBC}") = "API_Example", "API_Example\API_Example.csproj", "{BBD7B07E-2435-4F25-AE2E-8A320395F8B7}"
EndProject
Global
	GlobalSection(SolutionConfigurationPlatforms) = preSolution
		Debug|Any CPU = Debug|Any CPU
		Release|Any CPU = Release|Any CPU
	EndGlobalSection
	GlobalSection(ProjectConfigurationPlatforms) = postSolution
		{BBD7B07E-2435-4F25-AE2E-8A320395F8B7}.Debug|Any CPU.ActiveCfg = Debug|Any CPU
		{BBD7B07E-2435-4F25-AE2E-8A320395F8B7}.Debug|Any CPU.Build.0 = Debug|Any CPU
		{BBD7B07E-2435-4F25-AE2E-8A320395F8B7}.Release|Any CPU.ActiveCfg = Release|Any CPU
		{BBD7B07E-2435-4F25-AE2E-8A320395F8B7}.Release|Any CPU.Build.0 = Release|Any CPU
	EndGlobalSection
	GlobalSection(SolutionProperties) = preSolution
		HideSolutionNode = FALSE
	EndGlobalSection
	GlobalSection(ExtensibilityGlobals) = postSolution
		SolutionGuid = {4ED463FF-7430-43A3-BF16-E0867C697BAA}
	EndGlobalSection
EndGlobal
